<?xml version="1.0" encoding="UTF-8" standalone="yes" ?>
<CodeBlocks_project_file>
	<FileVersion major="1" minor="6" />
	<Project>
		<Option title="GLAE" />
		<Option pch_mode="2" />
		<Option compiler="gcc" />
		<Build>
			<Target title="Release">
				<Option output="lib/glae" prefix_auto="1" extension_auto="1" />
				<Option working_dir="" />
				<Option object_output="obj/" />
				<Option type="2" />
				<Option compiler="gcc" />
				<Compiler>
					<Add option="-fexpensive-optimizations" />
					<Add option="-Os" />
					<Add option="-O3" />
				</Compiler>
				<Linker>
					<Add option="-s" />
				</Linker>
			</Target>
		</Build>
		<Compiler>
			<Add option="-Wfatal-errors" />
			<Add option="-Wextra" />
			<Add option="-Wall" />
			<Add directory="include" />
		</Compiler>
		<Linker>
			<Add directory="lib" />
		</Linker>
		<Unit filename="include/extra.h" />
		<Unit filename="include/forma.h" />
		<Unit filename="include/glae.h" />
		<Unit filename="include/janela.h" />
		<Unit filename="src/extra.c">
			<Option compilerVar="CC" />
		</Unit>
		<Unit filename="src/forma.c">
			<Option compilerVar="CC" />
		</Unit>
		<Unit filename="src/janela.c">
			<Option compilerVar="CC" />
		</Unit>
		<Unit filename="src/tinycthread.c">
			<Option compilerVar="CC" />
		</Unit>
		<Extensions>
			<code_completion />
			<envvars />
			<debugger />
			<lib_finder disable_auto="1" />
			<DoxyBlocks>
				<comment_style block="0" line="0" />
				<doxyfile_project />
				<doxyfile_build />
				<doxyfile_warnings />
				<doxyfile_output />
				<doxyfile_dot />
				<general />
			</DoxyBlocks>
		</Extensions>
	</Project>
</CodeBlocks_project_file>
